{
  "name": "project-euler-problem-3",
  "version": "1.0.0",
  "lockfileVersion": 1,
  "requires": true,
  "dependencies": {
    "jest-each": {
      "version": "0.3.1",
      "resolved": "https://registry.npmjs.org/jest-each/-/jest-each-0.3.1.tgz",
      "integrity": "sha1-Uk8WviTw5UstxU9CgbysbToWwcY=",
      "dev": true,
      "requires": {
        "sprintf-js": "1.1.1"
      }
    },
    "sprintf-js": {
      "version": "1.1.1",
      "resolved": "https://registry.npmjs.org/sprintf-js/-/sprintf-js-1.1.1.tgz",
      "integrity": "sha1-Nr54Mgr+WAH2zqPueLblqrlA6gw=",
      "dev": true
    }
  }
}
